
Microsoft Visual Studio Solution File, Format Version 12.00
# Visual Studio Version 17
VisualStudioVersion = 17.5.33424.131
MinimumVisualStudioVersion = 10.0.40219.1
Project("{FAE04EC0-301F-11D3-BF4B-00C04F79EFBC}") = "Tema4", "Tema4\Tema4.csproj", "{AE39517F-1421-4883-99B8-83F86C490A99}"
EndProject
Global
	GlobalSection(SolutionConfigurationPlatforms) = preSolution
		Debug|Any CPU = Debug|Any CPU
		Release|Any CPU = Release|Any CPU
	EndGlobalSection
	GlobalSection(ProjectConfigurationPlatforms) = postSolution
		{AE39517F-1421-4883-99B8-83F86C490A99}.Debug|Any CPU.ActiveCfg = Debug|Any CPU
		{AE39517F-1421-4883-99B8-83F86C490A99}.Debug|Any CPU.Build.0 = Debug|Any CPU
		{AE39517F-1421-4883-99B8-83F86C490A99}.Release|Any CPU.ActiveCfg = Release|Any CPU
		{AE39517F-1421-4883-99B8-83F86C490A99}.Release|Any CPU.Build.0 = Release|Any CPU
	EndGlobalSection
	GlobalSection(SolutionProperties) = preSolution
		HideSolutionNode = FALSE
	EndGlobalSection
	GlobalSection(ExtensibilityGlobals) = postSolution
		SolutionGuid = {8CE0E064-3084-40D3-8313-5F060DC73846}
	EndGlobalSection
EndGlobal
